
Microsoft Visual Studio Solution File, Format Version 12.00
# Visual Studio Version 17
VisualStudioVersion = 17.4.33213.308
MinimumVisualStudioVersion = 10.0.40219.1
Project("{FAE04EC0-301F-11D3-BF4B-00C04F79EFBC}") = "M1S03 Ex2 Aula 2", "M1S03 Ex2 Aula 2\M1S03 Ex2 Aula 2.csproj", "{15D82A21-3823-403C-9D68-25A26E8C7BCF}"
EndProject
Global
	GlobalSection(SolutionConfigurationPlatforms) = preSolution
		Debug|Any CPU = Debug|Any CPU
		Release|Any CPU = Release|Any CPU
	EndGlobalSection
	GlobalSection(ProjectConfigurationPlatforms) = postSolution
		{15D82A21-3823-403C-9D68-25A26E8C7BCF}.Debug|Any CPU.ActiveCfg = Debug|Any CPU
		{15D82A21-3823-403C-9D68-25A26E8C7BCF}.Debug|Any CPU.Build.0 = Debug|Any CPU
		{15D82A21-3823-403C-9D68-25A26E8C7BCF}.Release|Any CPU.ActiveCfg = Release|Any CPU
		{15D82A21-3823-403C-9D68-25A26E8C7BCF}.Release|Any CPU.Build.0 = Release|Any CPU
	EndGlobalSection
	GlobalSection(SolutionProperties) = preSolution
		HideSolutionNode = FALSE
	EndGlobalSection
	GlobalSection(ExtensibilityGlobals) = postSolution
		SolutionGuid = {06E93E8C-F2B6-4719-8FC6-98D241D94398}
	EndGlobalSection
EndGlobal
