
Microsoft Visual Studio Solution File, Format Version 12.00
# Visual Studio Version 17
VisualStudioVersion = 17.4.33213.308
MinimumVisualStudioVersion = 10.0.40219.1
Project("{FAE04EC0-301F-11D3-BF4B-00C04F79EFBC}") = "M1S01 Ex 2", "M1S01 Ex 2\M1S01 Ex 2.csproj", "{76F714DA-3795-46C5-8EC4-2B737526E36E}"
EndProject
Global
	GlobalSection(SolutionConfigurationPlatforms) = preSolution
		Debug|Any CPU = Debug|Any CPU
		Release|Any CPU = Release|Any CPU
	EndGlobalSection
	GlobalSection(ProjectConfigurationPlatforms) = postSolution
		{76F714DA-3795-46C5-8EC4-2B737526E36E}.Debug|Any CPU.ActiveCfg = Debug|Any CPU
		{76F714DA-3795-46C5-8EC4-2B737526E36E}.Debug|Any CPU.Build.0 = Debug|Any CPU
		{76F714DA-3795-46C5-8EC4-2B737526E36E}.Release|Any CPU.ActiveCfg = Release|Any CPU
		{76F714DA-3795-46C5-8EC4-2B737526E36E}.Release|Any CPU.Build.0 = Release|Any CPU
	EndGlobalSection
	GlobalSection(SolutionProperties) = preSolution
		HideSolutionNode = FALSE
	EndGlobalSection
	GlobalSection(ExtensibilityGlobals) = postSolution
		SolutionGuid = {8589ACF2-7665-406C-9A87-1707109838CE}
	EndGlobalSection
EndGlobal
